
Microsoft Visual Studio Solution File, Format Version 12.00
# Visual Studio 15
VisualStudioVersion = 15.0.28010.2036
MinimumVisualStudioVersion = 10.0.40219.1
Project("{FAE04EC0-301F-11D3-BF4B-00C04F79EFBC}") = "ConsoleValidacao", "ConsoleValidacao\ConsoleValidacao.csproj", "{61949CB7-5573-4493-96C7-629ED3674EF9}"
EndProject
Global
	GlobalSection(SolutionConfigurationPlatforms) = preSolution
		Debug|Any CPU = Debug|Any CPU
		Release|Any CPU = Release|Any CPU
	EndGlobalSection
	GlobalSection(ProjectConfigurationPlatforms) = postSolution
		{61949CB7-5573-4493-96C7-629ED3674EF9}.Debug|Any CPU.ActiveCfg = Debug|Any CPU
		{61949CB7-5573-4493-96C7-629ED3674EF9}.Debug|Any CPU.Build.0 = Debug|Any CPU
		{61949CB7-5573-4493-96C7-629ED3674EF9}.Release|Any CPU.ActiveCfg = Release|Any CPU
		{61949CB7-5573-4493-96C7-629ED3674EF9}.Release|Any CPU.Build.0 = Release|Any CPU
	EndGlobalSection
	GlobalSection(SolutionProperties) = preSolution
		HideSolutionNode = FALSE
	EndGlobalSection
	GlobalSection(ExtensibilityGlobals) = postSolution
		SolutionGuid = {697C5146-024A-4B93-BE0C-8AA75496D86D}
	EndGlobalSection
EndGlobal
